
Microsoft Visual Studio Solution File, Format Version 12.00
# Visual Studio Version 17
VisualStudioVersion = 17.14.36511.14 d17.14
MinimumVisualStudioVersion = 10.0.40219.1
Project("{FAE04EC0-301F-11D3-BF4B-00C04F79EFBC}") = "resiliences-service", "resiliences-service.csproj", "{C75C045F-97CA-4620-87FB-ED6C85EFB0DA}"
EndProject
Global
	GlobalSection(SolutionConfigurationPlatforms) = preSolution
		Debug|Any CPU = Debug|Any CPU
		Release|Any CPU = Release|Any CPU
	EndGlobalSection
	GlobalSection(ProjectConfigurationPlatforms) = postSolution
		{C75C045F-97CA-4620-87FB-ED6C85EFB0DA}.Debug|Any CPU.ActiveCfg = Debug|Any CPU
		{C75C045F-97CA-4620-87FB-ED6C85EFB0DA}.Debug|Any CPU.Build.0 = Debug|Any CPU
		{C75C045F-97CA-4620-87FB-ED6C85EFB0DA}.Release|Any CPU.ActiveCfg = Release|Any CPU
		{C75C045F-97CA-4620-87FB-ED6C85EFB0DA}.Release|Any CPU.Build.0 = Release|Any CPU
	EndGlobalSection
	GlobalSection(SolutionProperties) = preSolution
		HideSolutionNode = FALSE
	EndGlobalSection
	GlobalSection(ExtensibilityGlobals) = postSolution
		SolutionGuid = {F602898D-EA54-45C7-B1F2-C4DB4C76A85B}
	EndGlobalSection
EndGlobal
